// !$*UTF8*$!
{
	archiveVersion = 1;
	classes = {
	};
	objectVersion = 56;
	objects = {

/* Begin PBXBuildFile section */
		17266CE02A67F000008E56DE /* AppDelegate.swift in Sources */ = {isa = PBXBuildFile; fileRef = 17266CDF2A67F000008E56DE /* AppDelegate.swift */; };
		17266CE22A67F000008E56DE /* SceneDelegate.swift in Sources */ = {isa = PBXBuildFile; fileRef = 17266CE12A67F000008E56DE /* SceneDelegate.swift */; };
		17266CE42A67F000008E56DE /* ViewController.swift in Sources */ = {isa = PBXBuildFile; fileRef = 17266CE32A67F000008E56DE /* ViewController.swift */; };
		17266CE92A67F003008E56DE /* Assets.xcassets in Resources */ = {isa = PBXBuildFile; fileRef = 17266CE82A67F003008E56DE /* Assets.xcassets */; };
		17266CEC2A67F003008E56DE /* LaunchScreen.storyboard in Resources */ = {isa = PBXBuildFile; fileRef = 17266CEA2A67F003008E56DE /* LaunchScreen.storyboard */; };
		17266CFA2A67F20D008E56DE /* LabelView.swift in Sources */ = {isa = PBXBuildFile; fileRef = 17266CF92A67F20D008E56DE /* LabelView.swift */; };
		17266CFD2A67F4D2008E56DE /* Helper.swift in Sources */ = {isa = PBXBuildFile; fileRef = 17266CFC2A67F4D2008E56DE /* Helper.swift */; };
		17266CFF2A67F69E008E56DE /* StackView.swift in Sources */ = {isa = PBXBuildFile; fileRef = 17266CFE2A67F69E008E56DE /* StackView.swift */; };
		17266D012A67F7DB008E56DE /* TextFieldView.swift in Sources */ = {isa = PBXBuildFile; fileRef = 17266D002A67F7DB008E56DE /* TextFieldView.swift */; };
		17266D032A68019D008E56DE /* ButtonView.swift in Sources */ = {isa = PBXBuildFile; fileRef = 17266D022A68019D008E56DE /* ButtonView.swift */; };
		17266D052A681289008E56DE /* TableViewCustom.swift in Sources */ = {isa = PBXBuildFile; fileRef = 17266D042A681289008E56DE /* TableViewCustom.swift */; };
		17266D072A6813C3008E56DE /* TasksViewController.swift in Sources */ = {isa = PBXBuildFile; fileRef = 17266D062A6813C3008E56DE /* TasksViewController.swift */; };
		17266D092A681738008E56DE /* TableViewCell.swift in Sources */ = {isa = PBXBuildFile; fileRef = 17266D082A681738008E56DE /* TableViewCell.swift */; };
		17266D0B2A6822A3008E56DE /* GoogleService-Info.plist in Resources */ = {isa = PBXBuildFile; fileRef = 17266D0A2A6822A2008E56DE /* GoogleService-Info.plist */; };
		17266D0E2A687FC3008E56DE /* FirebaseAuth in Frameworks */ = {isa = PBXBuildFile; productRef = 17266D0D2A687FC3008E56DE /* FirebaseAuth */; };
		17266D102A687FC3008E56DE /* FirebaseDatabase in Frameworks */ = {isa = PBXBuildFile; productRef = 17266D0F2A687FC3008E56DE /* FirebaseDatabase */; };
		17266D122A687FC3008E56DE /* FirebaseFirestore in Frameworks */ = {isa = PBXBuildFile; productRef = 17266D112A687FC3008E56DE /* FirebaseFirestore */; };
		17266D152A69903A008E56DE /* ViewController + Ext.swift in Sources */ = {isa = PBXBuildFile; fileRef = 17266D142A69903A008E56DE /* ViewController + Ext.swift */; };
		17266D172A6BD0AD008E56DE /* User.swift in Sources */ = {isa = PBXBuildFile; fileRef = 17266D162A6BD0AD008E56DE /* User.swift */; };
		17266D192A6BD0B5008E56DE /* Task.swift in Sources */ = {isa = PBXBuildFile; fileRef = 17266D182A6BD0B5008E56DE /* Task.swift */; };
/* End PBXBuildFile section */

/* Begin PBXFileReference section */
		17266CDC2A67F000008E56DE /* ToDoFIRE.app */ = {isa = PBXFileReference; explicitFileType = wrapper.application; includeInIndex = 0; path = ToDoFIRE.app; sourceTree = BUILT_PRODUCTS_DIR; };
		17266CDF2A67F000008E56DE /* AppDelegate.swift */ = {isa = PBXFileReference; lastKnownFileType = sourcecode.swift; path = AppDelegate.swift; sourceTree = "<group>"; };
		17266CE12A67F000008E56DE /* SceneDelegate.swift */ = {isa = PBXFileReference; lastKnownFileType = sourcecode.swift; path = SceneDelegate.swift; sourceTree = "<group>"; };
		17266CE32A67F000008E56DE /* ViewController.swift */ = {isa = PBXFileReference; lastKnownFileType = sourcecode.swift; path = ViewController.swift; sourceTree = "<group>"; };
		17266CE82A67F003008E56DE /* Assets.xcassets */ = {isa = PBXFileReference; lastKnownFileType = folder.assetcatalog; path = Assets.xcassets; sourceTree = "<group>"; };
		17266CEB2A67F003008E56DE /* Base */ = {isa = PBXFileReference; lastKnownFileType = file.storyboard; name = Base; path = Base.lproj/LaunchScreen.storyboard; sourceTree = "<group>"; };
		17266CED2A67F003008E56DE /* Info.plist */ = {isa = PBXFileReference; lastKnownFileType = text.plist.xml; path = Info.plist; sourceTree = "<group>"; };
		17266CF92A67F20D008E56DE /* LabelView.swift */ = {isa = PBXFileReference; lastKnownFileType = sourcecode.swift; path = LabelView.swift; sourceTree = "<group>"; };
		17266CFC2A67F4D2008E56DE /* Helper.swift */ = {isa = PBXFileReference; lastKnownFileType = sourcecode.swift; path = Helper.swift; sourceTree = "<group>"; };
		17266CFE2A67F69E008E56DE /* StackView.swift */ = {isa = PBXFileReference; lastKnownFileType = sourcecode.swift; path = StackView.swift; sourceTree = "<group>"; };
		17266D002A67F7DB008E56DE /* TextFieldView.swift */ = {isa = PBXFileReference; lastKnownFileType = sourcecode.swift; path = TextFieldView.swift; sourceTree = "<group>"; };
		17266D022A68019D008E56DE /* ButtonView.swift */ = {isa = PBXFileReference; lastKnownFileType = sourcecode.swift; path = ButtonView.swift; sourceTree = "<group>"; };
		17266D042A681289008E56DE /* TableViewCustom.swift */ = {isa = PBXFileReference; lastKnownFileType = sourcecode.swift; path = TableViewCustom.swift; sourceTree = "<group>"; };
		17266D062A6813C3008E56DE /* TasksViewController.swift */ = {isa = PBXFileReference; lastKnownFileType = sourcecode.swift; path = TasksViewController.swift; sourceTree = "<group>"; };
		17266D082A681738008E56DE /* TableViewCell.swift */ = {isa = PBXFileReference; lastKnownFileType = sourcecode.swift; path = TableViewCell.swift; sourceTree = "<group>"; };
		17266D0A2A6822A2008E56DE /* GoogleService-Info.plist */ = {isa = PBXFileReference; fileEncoding = 4; lastKnownFileType = text.plist.xml; path = "GoogleService-Info.plist"; sourceTree = "<group>"; };
		17266D142A69903A008E56DE /* ViewController + Ext.swift */ = {isa = PBXFileReference; lastKnownFileType = sourcecode.swift; path = "ViewController + Ext.swift"; sourceTree = "<group>"; };
		17266D162A6BD0AD008E56DE /* User.swift */ = {isa = PBXFileReference; lastKnownFileType = sourcecode.swift; path = User.swift; sourceTree = "<group>"; };
		17266D182A6BD0B5008E56DE /* Task.swift */ = {isa = PBXFileReference; lastKnownFileType = sourcecode.swift; path = Task.swift; sourceTree = "<group>"; };
/* End PBXFileReference section */

/* Begin PBXFrameworksBuildPhase section */
		17266CD92A67F000008E56DE /* Frameworks */ = {
			isa = PBXFrameworksBuildPhase;
			buildActionMask = 2147483647;
			files = (
				17266D102A687FC3008E56DE /* FirebaseDatabase in Frameworks */,
				17266D0E2A687FC3008E56DE /* FirebaseAuth in Frameworks */,
				17266D122A687FC3008E56DE /* FirebaseFirestore in Frameworks */,
			);
			runOnlyForDeploymentPostprocessing = 0;
		};
/* End PBXFrameworksBuildPhase section */

/* Begin PBXGroup section */
		17266CD32A67F000008E56DE = {
			isa = PBXGroup;
			children = (
				17266CDE2A67F000008E56DE /* ToDoFIRE */,
				17266CDD2A67F000008E56DE /* Products */,
			);
			sourceTree = "<group>";
		};
		17266CDD2A67F000008E56DE /* Products */ = {
			isa = PBXGroup;
			children = (
				17266CDC2A67F000008E56DE /* ToDoFIRE.app */,
			);
			name = Products;
			sourceTree = "<group>";
		};
		17266CDE2A67F000008E56DE /* ToDoFIRE */ = {
			isa = PBXGroup;
			children = (
				17266CFB2A67F4BD008E56DE /* Helpers */,
				17266CF42A67F029008E56DE /* Application */,
				17266CF82A67F1E7008E56DE /* Model */,
				17266CF72A67F1D8008E56DE /* View */,
				17266CF62A67F092008E56DE /* Controller */,
				17266CF52A67F034008E56DE /* Resources */,
			);
			path = ToDoFIRE;
			sourceTree = "<group>";
		};
		17266CF42A67F029008E56DE /* Application */ = {
			isa = PBXGroup;
			children = (
				17266CDF2A67F000008E56DE /* AppDelegate.swift */,
				17266CE12A67F000008E56DE /* SceneDelegate.swift */,
			);
			path = Application;
			sourceTree = "<group>";
		};
		17266CF52A67F034008E56DE /* Resources */ = {
			isa = PBXGroup;
			children = (
				17266CE82A67F003008E56DE /* Assets.xcassets */,
				17266CEA2A67F003008E56DE /* LaunchScreen.storyboard */,
				17266CED2A67F003008E56DE /* Info.plist */,
				17266D0A2A6822A2008E56DE /* GoogleService-Info.plist */,
			);
			path = Resources;
			sourceTree = "<group>";
		};
		17266CF62A67F092008E56DE /* Controller */ = {
			isa = PBXGroup;
			children = (
				17266CE32A67F000008E56DE /* ViewController.swift */,
				17266D062A6813C3008E56DE /* TasksViewController.swift */,
			);
			path = Controller;
			sourceTree = "<group>";
		};
		17266CF72A67F1D8008E56DE /* View */ = {
			isa = PBXGroup;
			children = (
				17266CF92A67F20D008E56DE /* LabelView.swift */,
				17266CFE2A67F69E008E56DE /* StackView.swift */,
				17266D002A67F7DB008E56DE /* TextFieldView.swift */,
				17266D022A68019D008E56DE /* ButtonView.swift */,
				17266D042A681289008E56DE /* TableViewCustom.swift */,
				17266D082A681738008E56DE /* TableViewCell.swift */,
			);
			path = View;
			sourceTree = "<group>";
		};
		17266CF82A67F1E7008E56DE /* Model */ = {
			isa = PBXGroup;
			children = (
				17266D162A6BD0AD008E56DE /* User.swift */,
				17266D182A6BD0B5008E56DE /* Task.swift */,
			);
			path = Model;
			sourceTree = "<group>";
		};
		17266CFB2A67F4BD008E56DE /* Helpers */ = {
			isa = PBXGroup;
			children = (
				17266D132A699014008E56DE /* Extentions */,
				17266CFC2A67F4D2008E56DE /* Helper.swift */,
			);
			path = Helpers;
			sourceTree = "<group>";
		};
		17266D132A699014008E56DE /* Extentions */ = {
			isa = PBXGroup;
			children = (
				17266D142A69903A008E56DE /* ViewController + Ext.swift */,
			);
			path = Extentions;
			sourceTree = "<group>";
		};
/* End PBXGroup section */

/* Begin PBXNativeTarget section */
		17266CDB2A67F000008E56DE /* ToDoFIRE */ = {
			isa = PBXNativeTarget;
			buildConfigurationList = 17266CF02A67F003008E56DE /* Build configuration list for PBXNativeTarget "ToDoFIRE" */;
			buildPhases = (
				17266CD82A67F000008E56DE /* Sources */,
				17266CD92A67F000008E56DE /* Frameworks */,
				17266CDA2A67F000008E56DE /* Resources */,
			);
			buildRules = (
			);
			dependencies = (
			);
			name = ToDoFIRE;
			packageProductDependencies = (
				17266D0D2A687FC3008E56DE /* FirebaseAuth */,
				17266D0F2A687FC3008E56DE /* FirebaseDatabase */,
				17266D112A687FC3008E56DE /* FirebaseFirestore */,
			);
			productName = ToDoFIRE;
			productReference = 17266CDC2A67F000008E56DE /* ToDoFIRE.app */;
			productType = "com.apple.product-type.application";
		};
/* End PBXNativeTarget section */

/* Begin PBXProject section */
		17266CD42A67F000008E56DE /* Project object */ = {
			isa = PBXProject;
			attributes = {
				BuildIndependentTargetsInParallel = 1;
				LastSwiftUpdateCheck = 1430;
				LastUpgradeCheck = 1430;
				TargetAttributes = {
					17266CDB2A67F000008E56DE = {
						CreatedOnToolsVersion = 14.3.1;
					};
				};
			};
			buildConfigurationList = 17266CD72A67F000008E56DE /* Build configuration list for PBXProject "ToDoFIRE" */;
			compatibilityVersion = "Xcode 14.0";
			developmentRegion = en;
			hasScannedForEncodings = 0;
			knownRegions = (
				en,
				Base,
			);
			mainGroup = 17266CD32A67F000008E56DE;
			packageReferences = (
				17266D0C2A687FC3008E56DE /* XCRemoteSwiftPackageReference "firebase-ios-sdk" */,
			);
			productRefGroup = 17266CDD2A67F000008E56DE /* Products */;
			projectDirPath = "";
			projectRoot = "";
			targets = (
				17266CDB2A67F000008E56DE /* ToDoFIRE */,
			);
		};
/* End PBXProject section */

/* Begin PBXResourcesBuildPhase section */
		17266CDA2A67F000008E56DE /* Resources */ = {
			isa = PBXResourcesBuildPhase;
			buildActionMask = 2147483647;
			files = (
				17266CEC2A67F003008E56DE /* LaunchScreen.storyboard in Resources */,
				17266CE92A67F003008E56DE /* Assets.xcassets in Resources */,
				17266D0B2A6822A3008E56DE /* GoogleService-Info.plist in Resources */,
			);
			runOnlyForDeploymentPostprocessing = 0;
		};
/* End PBXResourcesBuildPhase section */

/* Begin PBXSourcesBuildPhase section */
		17266CD82A67F000008E56DE /* Sources */ = {
			isa = PBXSourcesBuildPhase;
			buildActionMask = 2147483647;
			files = (
				17266D172A6BD0AD008E56DE /* User.swift in Sources */,
				17266CE42A67F000008E56DE /* ViewController.swift in Sources */,
				17266D012A67F7DB008E56DE /* TextFieldView.swift in Sources */,
				17266D032A68019D008E56DE /* ButtonView.swift in Sources */,
				17266CFA2A67F20D008E56DE /* LabelView.swift in Sources */,
				17266CFD2A67F4D2008E56DE /* Helper.swift in Sources */,
				17266CE02A67F000008E56DE /* AppDelegate.swift in Sources */,
				17266D092A681738008E56DE /* TableViewCell.swift in Sources */,
				17266D052A681289008E56DE /* TableViewCustom.swift in Sources */,
				17266D152A69903A008E56DE /* ViewController + Ext.swift in Sources */,
				17266D072A6813C3008E56DE /* TasksViewController.swift in Sources */,
				17266CE22A67F000008E56DE /* SceneDelegate.swift in Sources */,
				17266D192A6BD0B5008E56DE /* Task.swift in Sources */,
				17266CFF2A67F69E008E56DE /* StackView.swift in Sources */,
			);
			runOnlyForDeploymentPostprocessing = 0;
		};
/* End PBXSourcesBuildPhase section */

/* Begin PBXVariantGroup section */
		17266CEA2A67F003008E56DE /* LaunchScreen.storyboard */ = {
			isa = PBXVariantGroup;
			children = (
				17266CEB2A67F003008E56DE /* Base */,
			);
			name = LaunchScreen.storyboard;
			sourceTree = "<group>";
		};
/* End PBXVariantGroup section */

/* Begin XCBuildConfiguration section */
		17266CEE2A67F003008E56DE /* Debug */ = {
			isa = XCBuildConfiguration;
			buildSettings = {
				ALWAYS_SEARCH_USER_PATHS = NO;
				CLANG_ANALYZER_NONNULL = YES;
				CLANG_ANALYZER_NUMBER_OBJECT_CONVERSION = YES_AGGRESSIVE;
				CLANG_CXX_LANGUAGE_STANDARD = "gnu++20";
				CLANG_ENABLE_MODULES = YES;
				CLANG_ENABLE_OBJC_ARC = YES;
				CLANG_ENABLE_OBJC_WEAK = YES;
				CLANG_WARN_BLOCK_CAPTURE_AUTORELEASING = YES;
				CLANG_WARN_BOOL_CONVERSION = YES;
				CLANG_WARN_COMMA = YES;
				CLANG_WARN_CONSTANT_CONVERSION = YES;
				CLANG_WARN_DEPRECATED_OBJC_IMPLEMENTATIONS = YES;
				CLANG_WARN_DIRECT_OBJC_ISA_USAGE = YES_ERROR;
				CLANG_WARN_DOCUMENTATION_COMMENTS = YES;
				CLANG_WARN_EMPTY_BODY = YES;
				CLANG_WARN_ENUM_CONVERSION = YES;
				CLANG_WARN_INFINITE_RECURSION = YES;
				CLANG_WARN_INT_CONVERSION = YES;
				CLANG_WARN_NON_LITERAL_NULL_CONVERSION = YES;
				CLANG_WARN_OBJC_IMPLICIT_RETAIN_SELF = YES;
				CLANG_WARN_OBJC_LITERAL_CONVERSION = YES;
				CLANG_WARN_OBJC_ROOT_CLASS = YES_ERROR;
				CLANG_WARN_QUOTED_INCLUDE_IN_FRAMEWORK_HEADER = YES;
				CLANG_WARN_RANGE_LOOP_ANALYSIS = YES;
				CLANG_WARN_STRICT_PROTOTYPES = YES;
				CLANG_WARN_SUSPICIOUS_MOVE = YES;
				CLANG_WARN_UNGUARDED_AVAILABILITY = YES_AGGRESSIVE;
				CLANG_WARN_UNREACHABLE_CODE = YES;
				CLANG_WARN__DUPLICATE_METHOD_MATCH = YES;
				COPY_PHASE_STRIP = NO;
				DEBUG_INFORMATION_FORMAT = dwarf;
				ENABLE_STRICT_OBJC_MSGSEND = YES;
				ENABLE_TESTABILITY = YES;
				GCC_C_LANGUAGE_STANDARD = gnu11;
				GCC_DYNAMIC_NO_PIC = NO;
				GCC_NO_COMMON_BLOCKS = YES;
				GCC_OPTIMIZATION_LEVEL = 0;
				GCC_PREPROCESSOR_DEFINITIONS = (
					"DEBUG=1",
					"$(inherited)",
				);
				GCC_WARN_64_TO_32_BIT_CONVERSION = YES;
				GCC_WARN_ABOUT_RETURN_TYPE = YES_ERROR;
				GCC_WARN_UNDECLARED_SELECTOR = YES;
				GCC_WARN_UNINITIALIZED_AUTOS = YES_AGGRESSIVE;
				GCC_WARN_UNUSED_FUNCTION = YES;
				GCC_WARN_UNUSED_VARIABLE = YES;
				IPHONEOS_DEPLOYMENT_TARGET = 16.4;
				MTL_ENABLE_DEBUG_INFO = INCLUDE_SOURCE;
				MTL_FAST_MATH = YES;
				ONLY_ACTIVE_ARCH = YES;
				SDKROOT = iphoneos;
				SWIFT_ACTIVE_COMPILATION_CONDITIONS = DEBUG;
				SWIFT_OPTIMIZATION_LEVEL = "-Onone";
			};
			name = Debug;
		};
		17266CEF2A67F003008E56DE /* Release */ = {
			isa = XCBuildConfiguration;
			buildSettings = {
				ALWAYS_SEARCH_USER_PATHS = NO;
				CLANG_ANALYZER_NONNULL = YES;
				CLANG_ANALYZER_NUMBER_OBJECT_CONVERSION = YES_AGGRESSIVE;
				CLANG_CXX_LANGUAGE_STANDARD = "gnu++20";
				CLANG_ENABLE_MODULES = YES;
				CLANG_ENABLE_OBJC_ARC = YES;
				CLANG_ENABLE_OBJC_WEAK = YES;
				CLANG_WARN_BLOCK_CAPTURE_AUTORELEASING = YES;
				CLANG_WARN_BOOL_CONVERSION = YES;
				CLANG_WARN_COMMA = YES;
				CLANG_WARN_CONSTANT_CONVERSION = YES;
				CLANG_WARN_DEPRECATED_OBJC_IMPLEMENTATIONS = YES;
				CLANG_WARN_DIRECT_OBJC_ISA_USAGE = YES_ERROR;
				CLANG_WARN_DOCUMENTATION_COMMENTS = YES;
				CLANG_WARN_EMPTY_BODY = YES;
				CLANG_WARN_ENUM_CONVERSION = YES;
				CLANG_WARN_INFINITE_RECURSION = YES;
				CLANG_WARN_INT_CONVERSION = YES;
				CLANG_WARN_NON_LITERAL_NULL_CONVERSION = YES;
				CLANG_WARN_OBJC_IMPLICIT_RETAIN_SELF = YES;
				CLANG_WARN_OBJC_LITERAL_CONVERSION = YES;
				CLANG_WARN_OBJC_ROOT_CLASS = YES_ERROR;
				CLANG_WARN_QUOTED_INCLUDE_IN_FRAMEWORK_HEADER = YES;
				CLANG_WARN_RANGE_LOOP_ANALYSIS = YES;
				CLANG_WARN_STRICT_PROTOTYPES = YES;
				CLANG_WARN_SUSPICIOUS_MOVE = YES;
				CLANG_WARN_UNGUARDED_AVAILABILITY = YES_AGGRESSIVE;
				CLANG_WARN_UNREACHABLE_CODE = YES;
				CLANG_WARN__DUPLICATE_METHOD_MATCH = YES;
				COPY_PHASE_STRIP = NO;
				DEBUG_INFORMATION_FORMAT = "dwarf-with-dsym";
				ENABLE_NS_ASSERTIONS = NO;
				ENABLE_STRICT_OBJC_MSGSEND = YES;
				GCC_C_LANGUAGE_STANDARD = gnu11;
				GCC_NO_COMMON_BLOCKS = YES;
				GCC_WARN_64_TO_32_BIT_CONVERSION = YES;
				GCC_WARN_ABOUT_RETURN_TYPE = YES_ERROR;
				GCC_WARN_UNDECLARED_SELECTOR = YES;
				GCC_WARN_UNINITIALIZED_AUTOS = YES_AGGRESSIVE;
				GCC_WARN_UNUSED_FUNCTION = YES;
				GCC_WARN_UNUSED_VARIABLE = YES;
				IPHONEOS_DEPLOYMENT_TARGET = 16.4;
				MTL_ENABLE_DEBUG_INFO = NO;
				MTL_FAST_MATH = YES;
				SDKROOT = iphoneos;
				SWIFT_COMPILATION_MODE = wholemodule;
				SWIFT_OPTIMIZATION_LEVEL = "-O";
				VALIDATE_PRODUCT = YES;
			};
			name = Release;
		};
		17266CF12A67F003008E56DE /* Debug */ = {
			isa = XCBuildConfiguration;
			buildSettings = {
				ASSETCATALOG_COMPILER_APPICON_NAME = AppIcon;
				ASSETCATALOG_COMPILER_GLOBAL_ACCENT_COLOR_NAME = AccentColor;
				CODE_SIGN_STYLE = Automatic;
				CURRENT_PROJECT_VERSION = 1;
				DEVELOPMENT_TEAM = LA9F8MT28T;
				GENERATE_INFOPLIST_FILE = YES;
				INFOPLIST_FILE = ToDoFIRE/Resources/Info.plist;
				INFOPLIST_KEY_UIApplicationSupportsIndirectInputEvents = YES;
				INFOPLIST_KEY_UILaunchStoryboardName = LaunchScreen;
				INFOPLIST_KEY_UISupportedInterfaceOrientations_iPad = "UIInterfaceOrientationPortrait UIInterfaceOrientationPortraitUpsideDown UIInterfaceOrientationLandscapeLeft UIInterfaceOrientationLandscapeRight";
				INFOPLIST_KEY_UISupportedInterfaceOrientations_iPhone = "UIInterfaceOrientationPortrait UIInterfaceOrientationLandscapeLeft UIInterfaceOrientationLandscapeRight";
				LD_RUNPATH_SEARCH_PATHS = (
					"$(inherited)",
					"@executable_path/Frameworks",
				);
				MARKETING_VERSION = 1.0;
				PRODUCT_BUNDLE_IDENTIFIER = com.karen.ToDoFIRE;
				PRODUCT_NAME = "$(TARGET_NAME)";
				SWIFT_EMIT_LOC_STRINGS = YES;
				SWIFT_VERSION = 5.0;
				TARGETED_DEVICE_FAMILY = "1,2";
			};
			name = Debug;
		};
		17266CF22A67F003008E56DE /* Release */ = {
			isa = XCBuildConfiguration;
			buildSettings = {
				ASSETCATALOG_COMPILER_APPICON_NAME = AppIcon;
				ASSETCATALOG_COMPILER_GLOBAL_ACCENT_COLOR_NAME = AccentColor;
				CODE_SIGN_STYLE = Automatic;
				CURRENT_PROJECT_VERSION = 1;
				DEVELOPMENT_TEAM = LA9F8MT28T;
				GENERATE_INFOPLIST_FILE = YES;
				INFOPLIST_FILE = ToDoFIRE/Resources/Info.plist;
				INFOPLIST_KEY_UIApplicationSupportsIndirectInputEvents = YES;
				INFOPLIST_KEY_UILaunchStoryboardName = LaunchScreen;
				INFOPLIST_KEY_UISupportedInterfaceOrientations_iPad = "UIInterfaceOrientationPortrait UIInterfaceOrientationPortraitUpsideDown UIInterfaceOrientationLandscapeLeft UIInterfaceOrientationLandscapeRight";
				INFOPLIST_KEY_UISupportedInterfaceOrientations_iPhone = "UIInterfaceOrientationPortrait UIInterfaceOrientationLandscapeLeft UIInterfaceOrientationLandscapeRight";
				LD_RUNPATH_SEARCH_PATHS = (
					"$(inherited)",
					"@executable_path/Frameworks",
				);
				MARKETING_VERSION = 1.0;
				PRODUCT_BUNDLE_IDENTIFIER = com.karen.ToDoFIRE;
				PRODUCT_NAME = "$(TARGET_NAME)";
				SWIFT_EMIT_LOC_STRINGS = YES;
				SWIFT_VERSION = 5.0;
				TARGETED_DEVICE_FAMILY = "1,2";
			};
			name = Release;
		};
/* End XCBuildConfiguration section */

/* Begin XCConfigurationList section */
		17266CD72A67F000008E56DE /* Build configuration list for PBXProject "ToDoFIRE" */ = {
			isa = XCConfigurationList;
			buildConfigurations = (
				17266CEE2A67F003008E56DE /* Debug */,
				17266CEF2A67F003008E56DE /* Release */,
			);
			defaultConfigurationIsVisible = 0;
			defaultConfigurationName = Release;
		};
		17266CF02A67F003008E56DE /* Build configuration list for PBXNativeTarget "ToDoFIRE" */ = {
			isa = XCConfigurationList;
			buildConfigurations = (
				17266CF12A67F003008E56DE /* Debug */,
				17266CF22A67F003008E56DE /* Release */,
			);
			defaultConfigurationIsVisible = 0;
			defaultConfigurationName = Release;
		};
/* End XCConfigurationList section */

/* Begin XCRemoteSwiftPackageReference section */
		17266D0C2A687FC3008E56DE /* XCRemoteSwiftPackageReference "firebase-ios-sdk" */ = {
			isa = XCRemoteSwiftPackageReference;
			repositoryURL = "https://github.com/firebase/firebase-ios-sdk";
			requirement = {
				kind = upToNextMajorVersion;
				minimumVersion = 10.0.0;
			};
		};
/* End XCRemoteSwiftPackageReference section */

/* Begin XCSwiftPackageProductDependency section */
		17266D0D2A687FC3008E56DE /* FirebaseAuth */ = {
			isa = XCSwiftPackageProductDependency;
			package = 17266D0C2A687FC3008E56DE /* XCRemoteSwiftPackageReference "firebase-ios-sdk" */;
			productName = FirebaseAuth;
		};
		17266D0F2A687FC3008E56DE /* FirebaseDatabase */ = {
			isa = XCSwiftPackageProductDependency;
			package = 17266D0C2A687FC3008E56DE /* XCRemoteSwiftPackageReference "firebase-ios-sdk" */;
			productName = FirebaseDatabase;
		};
		17266D112A687FC3008E56DE /* FirebaseFirestore */ = {
			isa = XCSwiftPackageProductDependency;
			package = 17266D0C2A687FC3008E56DE /* XCRemoteSwiftPackageReference "firebase-ios-sdk" */;
			productName = FirebaseFirestore;
		};
/* End XCSwiftPackageProductDependency section */
	};
	rootObject = 17266CD42A67F000008E56DE /* Project object */;
}
