// !$*UTF8*$!
{
	archiveVersion = 1;
	classes = {
	};
	objectVersion = 56;
	objects = {

/* Begin PBXBuildFile section */
		173D2D432A7013B3001BC3FD /* TableViewViewModelType.swift in Sources */ = {isa = PBXBuildFile; fileRef = 173D2D422A7013B3001BC3FD /* TableViewViewModelType.swift */; };
		173D2D452A7013ED001BC3FD /* ViewModel.swift in Sources */ = {isa = PBXBuildFile; fileRef = 173D2D442A7013ED001BC3FD /* ViewModel.swift */; };
		173D2D492A701C05001BC3FD /* TableViewCellViewModelType.swift in Sources */ = {isa = PBXBuildFile; fileRef = 173D2D482A701C05001BC3FD /* TableViewCellViewModelType.swift */; };
		173D2D4B2A701D84001BC3FD /* TableViewCellViewModel.swift in Sources */ = {isa = PBXBuildFile; fileRef = 173D2D4A2A701D84001BC3FD /* TableViewCellViewModel.swift */; };
		173D2D4D2A703D86001BC3FD /* DetailViewController.swift in Sources */ = {isa = PBXBuildFile; fileRef = 173D2D4C2A703D86001BC3FD /* DetailViewController.swift */; };
		173D2D4F2A703FC6001BC3FD /* DetailViewModelType.swift in Sources */ = {isa = PBXBuildFile; fileRef = 173D2D4E2A703FC6001BC3FD /* DetailViewModelType.swift */; };
		173D2D512A70402B001BC3FD /* DetailViewModel.swift in Sources */ = {isa = PBXBuildFile; fileRef = 173D2D502A70402B001BC3FD /* DetailViewModel.swift */; };
		173D2D532A729C75001BC3FD /* Box.swift in Sources */ = {isa = PBXBuildFile; fileRef = 173D2D522A729C75001BC3FD /* Box.swift */; };
		17E9B1272A70028A0048CA0E /* AppDelegate.swift in Sources */ = {isa = PBXBuildFile; fileRef = 17E9B1262A70028A0048CA0E /* AppDelegate.swift */; };
		17E9B1292A70028A0048CA0E /* SceneDelegate.swift in Sources */ = {isa = PBXBuildFile; fileRef = 17E9B1282A70028A0048CA0E /* SceneDelegate.swift */; };
		17E9B12B2A70028A0048CA0E /* TableViewController.swift in Sources */ = {isa = PBXBuildFile; fileRef = 17E9B12A2A70028A0048CA0E /* TableViewController.swift */; };
		17E9B1302A70028C0048CA0E /* Assets.xcassets in Resources */ = {isa = PBXBuildFile; fileRef = 17E9B12F2A70028C0048CA0E /* Assets.xcassets */; };
		17E9B1332A70028C0048CA0E /* LaunchScreen.storyboard in Resources */ = {isa = PBXBuildFile; fileRef = 17E9B1312A70028C0048CA0E /* LaunchScreen.storyboard */; };
		17E9B13E2A7003180048CA0E /* SnapKit in Frameworks */ = {isa = PBXBuildFile; productRef = 17E9B13D2A7003180048CA0E /* SnapKit */; };
		17E9B1402A7007ED0048CA0E /* TableViewCell.swift in Sources */ = {isa = PBXBuildFile; fileRef = 17E9B13F2A7007ED0048CA0E /* TableViewCell.swift */; };
		17E9B1422A700A2A0048CA0E /* Profile.swift in Sources */ = {isa = PBXBuildFile; fileRef = 17E9B1412A700A2A0048CA0E /* Profile.swift */; };
		17E9B1442A700A9A0048CA0E /* LabelView.swift in Sources */ = {isa = PBXBuildFile; fileRef = 17E9B1432A700A9A0048CA0E /* LabelView.swift */; };
/* End PBXBuildFile section */

/* Begin PBXFileReference section */
		173D2D422A7013B3001BC3FD /* TableViewViewModelType.swift */ = {isa = PBXFileReference; lastKnownFileType = sourcecode.swift; path = TableViewViewModelType.swift; sourceTree = "<group>"; };
		173D2D442A7013ED001BC3FD /* ViewModel.swift */ = {isa = PBXFileReference; lastKnownFileType = sourcecode.swift; path = ViewModel.swift; sourceTree = "<group>"; };
		173D2D482A701C05001BC3FD /* TableViewCellViewModelType.swift */ = {isa = PBXFileReference; lastKnownFileType = sourcecode.swift; path = TableViewCellViewModelType.swift; sourceTree = "<group>"; };
		173D2D4A2A701D84001BC3FD /* TableViewCellViewModel.swift */ = {isa = PBXFileReference; lastKnownFileType = sourcecode.swift; path = TableViewCellViewModel.swift; sourceTree = "<group>"; };
		173D2D4C2A703D86001BC3FD /* DetailViewController.swift */ = {isa = PBXFileReference; lastKnownFileType = sourcecode.swift; path = DetailViewController.swift; sourceTree = "<group>"; };
		173D2D4E2A703FC6001BC3FD /* DetailViewModelType.swift */ = {isa = PBXFileReference; lastKnownFileType = sourcecode.swift; path = DetailViewModelType.swift; sourceTree = "<group>"; };
		173D2D502A70402B001BC3FD /* DetailViewModel.swift */ = {isa = PBXFileReference; lastKnownFileType = sourcecode.swift; path = DetailViewModel.swift; sourceTree = "<group>"; };
		173D2D522A729C75001BC3FD /* Box.swift */ = {isa = PBXFileReference; lastKnownFileType = sourcecode.swift; path = Box.swift; sourceTree = "<group>"; };
		17E9B1232A70028A0048CA0E /* MVVM-2.app */ = {isa = PBXFileReference; explicitFileType = wrapper.application; includeInIndex = 0; path = "MVVM-2.app"; sourceTree = BUILT_PRODUCTS_DIR; };
		17E9B1262A70028A0048CA0E /* AppDelegate.swift */ = {isa = PBXFileReference; lastKnownFileType = sourcecode.swift; path = AppDelegate.swift; sourceTree = "<group>"; };
		17E9B1282A70028A0048CA0E /* SceneDelegate.swift */ = {isa = PBXFileReference; lastKnownFileType = sourcecode.swift; path = SceneDelegate.swift; sourceTree = "<group>"; };
		17E9B12A2A70028A0048CA0E /* TableViewController.swift */ = {isa = PBXFileReference; lastKnownFileType = sourcecode.swift; path = TableViewController.swift; sourceTree = "<group>"; };
		17E9B12F2A70028C0048CA0E /* Assets.xcassets */ = {isa = PBXFileReference; lastKnownFileType = folder.assetcatalog; path = Assets.xcassets; sourceTree = "<group>"; };
		17E9B1322A70028C0048CA0E /* Base */ = {isa = PBXFileReference; lastKnownFileType = file.storyboard; name = Base; path = Base.lproj/LaunchScreen.storyboard; sourceTree = "<group>"; };
		17E9B1342A70028C0048CA0E /* Info.plist */ = {isa = PBXFileReference; lastKnownFileType = text.plist.xml; path = Info.plist; sourceTree = "<group>"; };
		17E9B13F2A7007ED0048CA0E /* TableViewCell.swift */ = {isa = PBXFileReference; lastKnownFileType = sourcecode.swift; path = TableViewCell.swift; sourceTree = "<group>"; };
		17E9B1412A700A2A0048CA0E /* Profile.swift */ = {isa = PBXFileReference; lastKnownFileType = sourcecode.swift; path = Profile.swift; sourceTree = "<group>"; };
		17E9B1432A700A9A0048CA0E /* LabelView.swift */ = {isa = PBXFileReference; lastKnownFileType = sourcecode.swift; path = LabelView.swift; sourceTree = "<group>"; };
/* End PBXFileReference section */

/* Begin PBXFrameworksBuildPhase section */
		17E9B1202A70028A0048CA0E /* Frameworks */ = {
			isa = PBXFrameworksBuildPhase;
			buildActionMask = 2147483647;
			files = (
				17E9B13E2A7003180048CA0E /* SnapKit in Frameworks */,
			);
			runOnlyForDeploymentPostprocessing = 0;
		};
/* End PBXFrameworksBuildPhase section */

/* Begin PBXGroup section */
		173D2D462A701476001BC3FD /* ViewModel */ = {
			isa = PBXGroup;
			children = (
				173D2D442A7013ED001BC3FD /* ViewModel.swift */,
				173D2D4A2A701D84001BC3FD /* TableViewCellViewModel.swift */,
				173D2D502A70402B001BC3FD /* DetailViewModel.swift */,
			);
			path = ViewModel;
			sourceTree = "<group>";
		};
		173D2D472A70147E001BC3FD /* Protocols */ = {
			isa = PBXGroup;
			children = (
				173D2D422A7013B3001BC3FD /* TableViewViewModelType.swift */,
				173D2D482A701C05001BC3FD /* TableViewCellViewModelType.swift */,
				173D2D4E2A703FC6001BC3FD /* DetailViewModelType.swift */,
			);
			path = Protocols;
			sourceTree = "<group>";
		};
		17E9B11A2A70028A0048CA0E = {
			isa = PBXGroup;
			children = (
				17E9B1252A70028A0048CA0E /* MVVM-2 */,
				17E9B1242A70028A0048CA0E /* Products */,
			);
			sourceTree = "<group>";
		};
		17E9B1242A70028A0048CA0E /* Products */ = {
			isa = PBXGroup;
			children = (
				17E9B1232A70028A0048CA0E /* MVVM-2.app */,
			);
			name = Products;
			sourceTree = "<group>";
		};
		17E9B1252A70028A0048CA0E /* MVVM-2 */ = {
			isa = PBXGroup;
			children = (
				17E9B13A2A7002A30048CA0E /* Application */,
				173D2D472A70147E001BC3FD /* Protocols */,
				17E9B1462A700E760048CA0E /* Model */,
				17E9B1452A700E6E0048CA0E /* View */,
				173D2D462A701476001BC3FD /* ViewModel */,
				17E9B13B2A7002B20048CA0E /* Resouces */,
			);
			path = "MVVM-2";
			sourceTree = "<group>";
		};
		17E9B13A2A7002A30048CA0E /* Application */ = {
			isa = PBXGroup;
			children = (
				17E9B1262A70028A0048CA0E /* AppDelegate.swift */,
				17E9B1282A70028A0048CA0E /* SceneDelegate.swift */,
				173D2D522A729C75001BC3FD /* Box.swift */,
			);
			path = Application;
			sourceTree = "<group>";
		};
		17E9B13B2A7002B20048CA0E /* Resouces */ = {
			isa = PBXGroup;
			children = (
				17E9B12F2A70028C0048CA0E /* Assets.xcassets */,
				17E9B1312A70028C0048CA0E /* LaunchScreen.storyboard */,
				17E9B1342A70028C0048CA0E /* Info.plist */,
			);
			path = Resouces;
			sourceTree = "<group>";
		};
		17E9B1452A700E6E0048CA0E /* View */ = {
			isa = PBXGroup;
			children = (
				17E9B12A2A70028A0048CA0E /* TableViewController.swift */,
				17E9B13F2A7007ED0048CA0E /* TableViewCell.swift */,
				17E9B1432A700A9A0048CA0E /* LabelView.swift */,
				173D2D4C2A703D86001BC3FD /* DetailViewController.swift */,
			);
			path = View;
			sourceTree = "<group>";
		};
		17E9B1462A700E760048CA0E /* Model */ = {
			isa = PBXGroup;
			children = (
				17E9B1412A700A2A0048CA0E /* Profile.swift */,
			);
			path = Model;
			sourceTree = "<group>";
		};
/* End PBXGroup section */

/* Begin PBXNativeTarget section */
		17E9B1222A70028A0048CA0E /* MVVM-2 */ = {
			isa = PBXNativeTarget;
			buildConfigurationList = 17E9B1372A70028C0048CA0E /* Build configuration list for PBXNativeTarget "MVVM-2" */;
			buildPhases = (
				17E9B11F2A70028A0048CA0E /* Sources */,
				17E9B1202A70028A0048CA0E /* Frameworks */,
				17E9B1212A70028A0048CA0E /* Resources */,
			);
			buildRules = (
			);
			dependencies = (
			);
			name = "MVVM-2";
			packageProductDependencies = (
				17E9B13D2A7003180048CA0E /* SnapKit */,
			);
			productName = "MVVM-2";
			productReference = 17E9B1232A70028A0048CA0E /* MVVM-2.app */;
			productType = "com.apple.product-type.application";
		};
/* End PBXNativeTarget section */

/* Begin PBXProject section */
		17E9B11B2A70028A0048CA0E /* Project object */ = {
			isa = PBXProject;
			attributes = {
				BuildIndependentTargetsInParallel = 1;
				LastSwiftUpdateCheck = 1430;
				LastUpgradeCheck = 1430;
				TargetAttributes = {
					17E9B1222A70028A0048CA0E = {
						CreatedOnToolsVersion = 14.3.1;
					};
				};
			};
			buildConfigurationList = 17E9B11E2A70028A0048CA0E /* Build configuration list for PBXProject "MVVM-2" */;
			compatibilityVersion = "Xcode 14.0";
			developmentRegion = en;
			hasScannedForEncodings = 0;
			knownRegions = (
				en,
				Base,
			);
			mainGroup = 17E9B11A2A70028A0048CA0E;
			packageReferences = (
				17E9B13C2A7003180048CA0E /* XCRemoteSwiftPackageReference "SnapKit" */,
			);
			productRefGroup = 17E9B1242A70028A0048CA0E /* Products */;
			projectDirPath = "";
			projectRoot = "";
			targets = (
				17E9B1222A70028A0048CA0E /* MVVM-2 */,
			);
		};
/* End PBXProject section */

/* Begin PBXResourcesBuildPhase section */
		17E9B1212A70028A0048CA0E /* Resources */ = {
			isa = PBXResourcesBuildPhase;
			buildActionMask = 2147483647;
			files = (
				17E9B1332A70028C0048CA0E /* LaunchScreen.storyboard in Resources */,
				17E9B1302A70028C0048CA0E /* Assets.xcassets in Resources */,
			);
			runOnlyForDeploymentPostprocessing = 0;
		};
/* End PBXResourcesBuildPhase section */

/* Begin PBXSourcesBuildPhase section */
		17E9B11F2A70028A0048CA0E /* Sources */ = {
			isa = PBXSourcesBuildPhase;
			buildActionMask = 2147483647;
			files = (
				173D2D4D2A703D86001BC3FD /* DetailViewController.swift in Sources */,
				173D2D532A729C75001BC3FD /* Box.swift in Sources */,
				173D2D4B2A701D84001BC3FD /* TableViewCellViewModel.swift in Sources */,
				17E9B12B2A70028A0048CA0E /* TableViewController.swift in Sources */,
				17E9B1422A700A2A0048CA0E /* Profile.swift in Sources */,
				17E9B1402A7007ED0048CA0E /* TableViewCell.swift in Sources */,
				17E9B1272A70028A0048CA0E /* AppDelegate.swift in Sources */,
				173D2D432A7013B3001BC3FD /* TableViewViewModelType.swift in Sources */,
				17E9B1292A70028A0048CA0E /* SceneDelegate.swift in Sources */,
				173D2D452A7013ED001BC3FD /* ViewModel.swift in Sources */,
				173D2D512A70402B001BC3FD /* DetailViewModel.swift in Sources */,
				173D2D4F2A703FC6001BC3FD /* DetailViewModelType.swift in Sources */,
				173D2D492A701C05001BC3FD /* TableViewCellViewModelType.swift in Sources */,
				17E9B1442A700A9A0048CA0E /* LabelView.swift in Sources */,
			);
			runOnlyForDeploymentPostprocessing = 0;
		};
/* End PBXSourcesBuildPhase section */

/* Begin PBXVariantGroup section */
		17E9B1312A70028C0048CA0E /* LaunchScreen.storyboard */ = {
			isa = PBXVariantGroup;
			children = (
				17E9B1322A70028C0048CA0E /* Base */,
			);
			name = LaunchScreen.storyboard;
			sourceTree = "<group>";
		};
/* End PBXVariantGroup section */

/* Begin XCBuildConfiguration section */
		17E9B1352A70028C0048CA0E /* Debug */ = {
			isa = XCBuildConfiguration;
			buildSettings = {
				ALWAYS_SEARCH_USER_PATHS = NO;
				CLANG_ANALYZER_NONNULL = YES;
				CLANG_ANALYZER_NUMBER_OBJECT_CONVERSION = YES_AGGRESSIVE;
				CLANG_CXX_LANGUAGE_STANDARD = "gnu++20";
				CLANG_ENABLE_MODULES = YES;
				CLANG_ENABLE_OBJC_ARC = YES;
				CLANG_ENABLE_OBJC_WEAK = YES;
				CLANG_WARN_BLOCK_CAPTURE_AUTORELEASING = YES;
				CLANG_WARN_BOOL_CONVERSION = YES;
				CLANG_WARN_COMMA = YES;
				CLANG_WARN_CONSTANT_CONVERSION = YES;
				CLANG_WARN_DEPRECATED_OBJC_IMPLEMENTATIONS = YES;
				CLANG_WARN_DIRECT_OBJC_ISA_USAGE = YES_ERROR;
				CLANG_WARN_DOCUMENTATION_COMMENTS = YES;
				CLANG_WARN_EMPTY_BODY = YES;
				CLANG_WARN_ENUM_CONVERSION = YES;
				CLANG_WARN_INFINITE_RECURSION = YES;
				CLANG_WARN_INT_CONVERSION = YES;
				CLANG_WARN_NON_LITERAL_NULL_CONVERSION = YES;
				CLANG_WARN_OBJC_IMPLICIT_RETAIN_SELF = YES;
				CLANG_WARN_OBJC_LITERAL_CONVERSION = YES;
				CLANG_WARN_OBJC_ROOT_CLASS = YES_ERROR;
				CLANG_WARN_QUOTED_INCLUDE_IN_FRAMEWORK_HEADER = YES;
				CLANG_WARN_RANGE_LOOP_ANALYSIS = YES;
				CLANG_WARN_STRICT_PROTOTYPES = YES;
				CLANG_WARN_SUSPICIOUS_MOVE = YES;
				CLANG_WARN_UNGUARDED_AVAILABILITY = YES_AGGRESSIVE;
				CLANG_WARN_UNREACHABLE_CODE = YES;
				CLANG_WARN__DUPLICATE_METHOD_MATCH = YES;
				COPY_PHASE_STRIP = NO;
				DEBUG_INFORMATION_FORMAT = dwarf;
				ENABLE_STRICT_OBJC_MSGSEND = YES;
				ENABLE_TESTABILITY = YES;
				GCC_C_LANGUAGE_STANDARD = gnu11;
				GCC_DYNAMIC_NO_PIC = NO;
				GCC_NO_COMMON_BLOCKS = YES;
				GCC_OPTIMIZATION_LEVEL = 0;
				GCC_PREPROCESSOR_DEFINITIONS = (
					"DEBUG=1",
					"$(inherited)",
				);
				GCC_WARN_64_TO_32_BIT_CONVERSION = YES;
				GCC_WARN_ABOUT_RETURN_TYPE = YES_ERROR;
				GCC_WARN_UNDECLARED_SELECTOR = YES;
				GCC_WARN_UNINITIALIZED_AUTOS = YES_AGGRESSIVE;
				GCC_WARN_UNUSED_FUNCTION = YES;
				GCC_WARN_UNUSED_VARIABLE = YES;
				IPHONEOS_DEPLOYMENT_TARGET = 16.4;
				MTL_ENABLE_DEBUG_INFO = INCLUDE_SOURCE;
				MTL_FAST_MATH = YES;
				ONLY_ACTIVE_ARCH = YES;
				SDKROOT = iphoneos;
				SWIFT_ACTIVE_COMPILATION_CONDITIONS = DEBUG;
				SWIFT_OPTIMIZATION_LEVEL = "-Onone";
			};
			name = Debug;
		};
		17E9B1362A70028C0048CA0E /* Release */ = {
			isa = XCBuildConfiguration;
			buildSettings = {
				ALWAYS_SEARCH_USER_PATHS = NO;
				CLANG_ANALYZER_NONNULL = YES;
				CLANG_ANALYZER_NUMBER_OBJECT_CONVERSION = YES_AGGRESSIVE;
				CLANG_CXX_LANGUAGE_STANDARD = "gnu++20";
				CLANG_ENABLE_MODULES = YES;
				CLANG_ENABLE_OBJC_ARC = YES;
				CLANG_ENABLE_OBJC_WEAK = YES;
				CLANG_WARN_BLOCK_CAPTURE_AUTORELEASING = YES;
				CLANG_WARN_BOOL_CONVERSION = YES;
				CLANG_WARN_COMMA = YES;
				CLANG_WARN_CONSTANT_CONVERSION = YES;
				CLANG_WARN_DEPRECATED_OBJC_IMPLEMENTATIONS = YES;
				CLANG_WARN_DIRECT_OBJC_ISA_USAGE = YES_ERROR;
				CLANG_WARN_DOCUMENTATION_COMMENTS = YES;
				CLANG_WARN_EMPTY_BODY = YES;
				CLANG_WARN_ENUM_CONVERSION = YES;
				CLANG_WARN_INFINITE_RECURSION = YES;
				CLANG_WARN_INT_CONVERSION = YES;
				CLANG_WARN_NON_LITERAL_NULL_CONVERSION = YES;
				CLANG_WARN_OBJC_IMPLICIT_RETAIN_SELF = YES;
				CLANG_WARN_OBJC_LITERAL_CONVERSION = YES;
				CLANG_WARN_OBJC_ROOT_CLASS = YES_ERROR;
				CLANG_WARN_QUOTED_INCLUDE_IN_FRAMEWORK_HEADER = YES;
				CLANG_WARN_RANGE_LOOP_ANALYSIS = YES;
				CLANG_WARN_STRICT_PROTOTYPES = YES;
				CLANG_WARN_SUSPICIOUS_MOVE = YES;
				CLANG_WARN_UNGUARDED_AVAILABILITY = YES_AGGRESSIVE;
				CLANG_WARN_UNREACHABLE_CODE = YES;
				CLANG_WARN__DUPLICATE_METHOD_MATCH = YES;
				COPY_PHASE_STRIP = NO;
				DEBUG_INFORMATION_FORMAT = "dwarf-with-dsym";
				ENABLE_NS_ASSERTIONS = NO;
				ENABLE_STRICT_OBJC_MSGSEND = YES;
				GCC_C_LANGUAGE_STANDARD = gnu11;
				GCC_NO_COMMON_BLOCKS = YES;
				GCC_WARN_64_TO_32_BIT_CONVERSION = YES;
				GCC_WARN_ABOUT_RETURN_TYPE = YES_ERROR;
				GCC_WARN_UNDECLARED_SELECTOR = YES;
				GCC_WARN_UNINITIALIZED_AUTOS = YES_AGGRESSIVE;
				GCC_WARN_UNUSED_FUNCTION = YES;
				GCC_WARN_UNUSED_VARIABLE = YES;
				IPHONEOS_DEPLOYMENT_TARGET = 16.4;
				MTL_ENABLE_DEBUG_INFO = NO;
				MTL_FAST_MATH = YES;
				SDKROOT = iphoneos;
				SWIFT_COMPILATION_MODE = wholemodule;
				SWIFT_OPTIMIZATION_LEVEL = "-O";
				VALIDATE_PRODUCT = YES;
			};
			name = Release;
		};
		17E9B1382A70028C0048CA0E /* Debug */ = {
			isa = XCBuildConfiguration;
			buildSettings = {
				ASSETCATALOG_COMPILER_APPICON_NAME = AppIcon;
				ASSETCATALOG_COMPILER_GLOBAL_ACCENT_COLOR_NAME = AccentColor;
				CODE_SIGN_STYLE = Automatic;
				CURRENT_PROJECT_VERSION = 1;
				DEVELOPMENT_TEAM = LA9F8MT28T;
				GENERATE_INFOPLIST_FILE = YES;
				INFOPLIST_FILE = "MVVM-2/Resouces/Info.plist";
				INFOPLIST_KEY_UIApplicationSupportsIndirectInputEvents = YES;
				INFOPLIST_KEY_UILaunchStoryboardName = LaunchScreen;
				INFOPLIST_KEY_UISupportedInterfaceOrientations_iPad = "UIInterfaceOrientationPortrait UIInterfaceOrientationPortraitUpsideDown UIInterfaceOrientationLandscapeLeft UIInterfaceOrientationLandscapeRight";
				INFOPLIST_KEY_UISupportedInterfaceOrientations_iPhone = "UIInterfaceOrientationPortrait UIInterfaceOrientationLandscapeLeft UIInterfaceOrientationLandscapeRight";
				LD_RUNPATH_SEARCH_PATHS = (
					"$(inherited)",
					"@executable_path/Frameworks",
				);
				MARKETING_VERSION = 1.0;
				PRODUCT_BUNDLE_IDENTIFIER = "com.karen.MVVM-2";
				PRODUCT_NAME = "$(TARGET_NAME)";
				SWIFT_EMIT_LOC_STRINGS = YES;
				SWIFT_VERSION = 5.0;
				TARGETED_DEVICE_FAMILY = "1,2";
			};
			name = Debug;
		};
		17E9B1392A70028C0048CA0E /* Release */ = {
			isa = XCBuildConfiguration;
			buildSettings = {
				ASSETCATALOG_COMPILER_APPICON_NAME = AppIcon;
				ASSETCATALOG_COMPILER_GLOBAL_ACCENT_COLOR_NAME = AccentColor;
				CODE_SIGN_STYLE = Automatic;
				CURRENT_PROJECT_VERSION = 1;
				DEVELOPMENT_TEAM = LA9F8MT28T;
				GENERATE_INFOPLIST_FILE = YES;
				INFOPLIST_FILE = "MVVM-2/Resouces/Info.plist";
				INFOPLIST_KEY_UIApplicationSupportsIndirectInputEvents = YES;
				INFOPLIST_KEY_UILaunchStoryboardName = LaunchScreen;
				INFOPLIST_KEY_UISupportedInterfaceOrientations_iPad = "UIInterfaceOrientationPortrait UIInterfaceOrientationPortraitUpsideDown UIInterfaceOrientationLandscapeLeft UIInterfaceOrientationLandscapeRight";
				INFOPLIST_KEY_UISupportedInterfaceOrientations_iPhone = "UIInterfaceOrientationPortrait UIInterfaceOrientationLandscapeLeft UIInterfaceOrientationLandscapeRight";
				LD_RUNPATH_SEARCH_PATHS = (
					"$(inherited)",
					"@executable_path/Frameworks",
				);
				MARKETING_VERSION = 1.0;
				PRODUCT_BUNDLE_IDENTIFIER = "com.karen.MVVM-2";
				PRODUCT_NAME = "$(TARGET_NAME)";
				SWIFT_EMIT_LOC_STRINGS = YES;
				SWIFT_VERSION = 5.0;
				TARGETED_DEVICE_FAMILY = "1,2";
			};
			name = Release;
		};
/* End XCBuildConfiguration section */

/* Begin XCConfigurationList section */
		17E9B11E2A70028A0048CA0E /* Build configuration list for PBXProject "MVVM-2" */ = {
			isa = XCConfigurationList;
			buildConfigurations = (
				17E9B1352A70028C0048CA0E /* Debug */,
				17E9B1362A70028C0048CA0E /* Release */,
			);
			defaultConfigurationIsVisible = 0;
			defaultConfigurationName = Release;
		};
		17E9B1372A70028C0048CA0E /* Build configuration list for PBXNativeTarget "MVVM-2" */ = {
			isa = XCConfigurationList;
			buildConfigurations = (
				17E9B1382A70028C0048CA0E /* Debug */,
				17E9B1392A70028C0048CA0E /* Release */,
			);
			defaultConfigurationIsVisible = 0;
			defaultConfigurationName = Release;
		};
/* End XCConfigurationList section */

/* Begin XCRemoteSwiftPackageReference section */
		17E9B13C2A7003180048CA0E /* XCRemoteSwiftPackageReference "SnapKit" */ = {
			isa = XCRemoteSwiftPackageReference;
			repositoryURL = "https://github.com/SnapKit/SnapKit.git";
			requirement = {
				kind = upToNextMajorVersion;
				minimumVersion = 5.0.0;
			};
		};
/* End XCRemoteSwiftPackageReference section */

/* Begin XCSwiftPackageProductDependency section */
		17E9B13D2A7003180048CA0E /* SnapKit */ = {
			isa = XCSwiftPackageProductDependency;
			package = 17E9B13C2A7003180048CA0E /* XCRemoteSwiftPackageReference "SnapKit" */;
			productName = SnapKit;
		};
/* End XCSwiftPackageProductDependency section */
	};
	rootObject = 17E9B11B2A70028A0048CA0E /* Project object */;
}
